
Microsoft Visual Studio Solution File, Format Version 12.00
# Visual Studio Version 16
VisualStudioVersion = 16.0.31613.86
MinimumVisualStudioVersion = 10.0.40219.1
Project("{FAE04EC0-301F-11D3-BF4B-00C04F79EFBC}") = "Professor - Aluno", "Professor - Aluno\Professor - Aluno.csproj", "{D6638F66-E0D9-417C-B6B1-9573C3EC2135}"
EndProject
Global
	GlobalSection(SolutionConfigurationPlatforms) = preSolution
		Debug|Any CPU = Debug|Any CPU
		Release|Any CPU = Release|Any CPU
	EndGlobalSection
	GlobalSection(ProjectConfigurationPlatforms) = postSolution
		{D6638F66-E0D9-417C-B6B1-9573C3EC2135}.Debug|Any CPU.ActiveCfg = Debug|Any CPU
		{D6638F66-E0D9-417C-B6B1-9573C3EC2135}.Debug|Any CPU.Build.0 = Debug|Any CPU
		{D6638F66-E0D9-417C-B6B1-9573C3EC2135}.Release|Any CPU.ActiveCfg = Release|Any CPU
		{D6638F66-E0D9-417C-B6B1-9573C3EC2135}.Release|Any CPU.Build.0 = Release|Any CPU
	EndGlobalSection
	GlobalSection(SolutionProperties) = preSolution
		HideSolutionNode = FALSE
	EndGlobalSection
	GlobalSection(ExtensibilityGlobals) = postSolution
		SolutionGuid = {19A04C17-865E-48D4-819A-031592FD2A98}
	EndGlobalSection
EndGlobal
