
Microsoft Visual Studio Solution File, Format Version 12.00
# Visual Studio Version 16
VisualStudioVersion = 16.0.31624.102
MinimumVisualStudioVersion = 10.0.40219.1
Project("{FAE04EC0-301F-11D3-BF4B-00C04F79EFBC}") = "Calculadora", "Calculadora\Calculadora.csproj", "{1C427A7A-B3B6-43AE-8C61-1FF41FA8980C}"
EndProject
Global
	GlobalSection(SolutionConfigurationPlatforms) = preSolution
		Debug|Any CPU = Debug|Any CPU
		Release|Any CPU = Release|Any CPU
	EndGlobalSection
	GlobalSection(ProjectConfigurationPlatforms) = postSolution
		{1C427A7A-B3B6-43AE-8C61-1FF41FA8980C}.Debug|Any CPU.ActiveCfg = Debug|Any CPU
		{1C427A7A-B3B6-43AE-8C61-1FF41FA8980C}.Debug|Any CPU.Build.0 = Debug|Any CPU
		{1C427A7A-B3B6-43AE-8C61-1FF41FA8980C}.Release|Any CPU.ActiveCfg = Release|Any CPU
		{1C427A7A-B3B6-43AE-8C61-1FF41FA8980C}.Release|Any CPU.Build.0 = Release|Any CPU
	EndGlobalSection
	GlobalSection(SolutionProperties) = preSolution
		HideSolutionNode = FALSE
	EndGlobalSection
	GlobalSection(ExtensibilityGlobals) = postSolution
		SolutionGuid = {D761A817-5E4C-4B76-BF6D-5952C166043B}
	EndGlobalSection
EndGlobal
