
Microsoft Visual Studio Solution File, Format Version 12.00
# Visual Studio Version 16
VisualStudioVersion = 16.0.31613.86
MinimumVisualStudioVersion = 10.0.40219.1
Project("{FAE04EC0-301F-11D3-BF4B-00C04F79EFBC}") = "Aula - Desafio fibonnacci", "Aula - Desafio fibonnacci\Aula - Desafio fibonnacci.csproj", "{7BCF0AC4-3484-4A1F-A506-35B01BA867E4}"
EndProject
Global
	GlobalSection(SolutionConfigurationPlatforms) = preSolution
		Debug|Any CPU = Debug|Any CPU
		Release|Any CPU = Release|Any CPU
	EndGlobalSection
	GlobalSection(ProjectConfigurationPlatforms) = postSolution
		{7BCF0AC4-3484-4A1F-A506-35B01BA867E4}.Debug|Any CPU.ActiveCfg = Debug|Any CPU
		{7BCF0AC4-3484-4A1F-A506-35B01BA867E4}.Debug|Any CPU.Build.0 = Debug|Any CPU
		{7BCF0AC4-3484-4A1F-A506-35B01BA867E4}.Release|Any CPU.ActiveCfg = Release|Any CPU
		{7BCF0AC4-3484-4A1F-A506-35B01BA867E4}.Release|Any CPU.Build.0 = Release|Any CPU
	EndGlobalSection
	GlobalSection(SolutionProperties) = preSolution
		HideSolutionNode = FALSE
	EndGlobalSection
	GlobalSection(ExtensibilityGlobals) = postSolution
		SolutionGuid = {7E5C27BF-415B-4170-A901-F551E486F890}
	EndGlobalSection
EndGlobal
