
Microsoft Visual Studio Solution File, Format Version 12.00
# Visual Studio Version 16
VisualStudioVersion = 16.0.31613.86
MinimumVisualStudioVersion = 10.0.40219.1
Project("{FAE04EC0-301F-11D3-BF4B-00C04F79EFBC}") = "Aula - 20 a 90 anos", "Aula - 20 a 90 anos\Aula - 20 a 90 anos.csproj", "{BA15AF0E-AB48-44B7-87F1-25305A4F3988}"
EndProject
Global
	GlobalSection(SolutionConfigurationPlatforms) = preSolution
		Debug|Any CPU = Debug|Any CPU
		Release|Any CPU = Release|Any CPU
	EndGlobalSection
	GlobalSection(ProjectConfigurationPlatforms) = postSolution
		{BA15AF0E-AB48-44B7-87F1-25305A4F3988}.Debug|Any CPU.ActiveCfg = Debug|Any CPU
		{BA15AF0E-AB48-44B7-87F1-25305A4F3988}.Debug|Any CPU.Build.0 = Debug|Any CPU
		{BA15AF0E-AB48-44B7-87F1-25305A4F3988}.Release|Any CPU.ActiveCfg = Release|Any CPU
		{BA15AF0E-AB48-44B7-87F1-25305A4F3988}.Release|Any CPU.Build.0 = Release|Any CPU
	EndGlobalSection
	GlobalSection(SolutionProperties) = preSolution
		HideSolutionNode = FALSE
	EndGlobalSection
	GlobalSection(ExtensibilityGlobals) = postSolution
		SolutionGuid = {B93BF738-83A2-49DC-88AB-C71A3D7A2EAF}
	EndGlobalSection
EndGlobal
