
Microsoft Visual Studio Solution File, Format Version 12.00
# Visual Studio Version 16
VisualStudioVersion = 16.0.31613.86
MinimumVisualStudioVersion = 10.0.40219.1
Project("{FAE04EC0-301F-11D3-BF4B-00C04F79EFBC}") = "12 - Custo do carro", "12 - Custo do carro\12 - Custo do carro.csproj", "{7C88DBAE-C640-4D92-97CF-59189702A356}"
EndProject
Global
	GlobalSection(SolutionConfigurationPlatforms) = preSolution
		Debug|Any CPU = Debug|Any CPU
		Release|Any CPU = Release|Any CPU
	EndGlobalSection
	GlobalSection(ProjectConfigurationPlatforms) = postSolution
		{7C88DBAE-C640-4D92-97CF-59189702A356}.Debug|Any CPU.ActiveCfg = Debug|Any CPU
		{7C88DBAE-C640-4D92-97CF-59189702A356}.Debug|Any CPU.Build.0 = Debug|Any CPU
		{7C88DBAE-C640-4D92-97CF-59189702A356}.Release|Any CPU.ActiveCfg = Release|Any CPU
		{7C88DBAE-C640-4D92-97CF-59189702A356}.Release|Any CPU.Build.0 = Release|Any CPU
	EndGlobalSection
	GlobalSection(SolutionProperties) = preSolution
		HideSolutionNode = FALSE
	EndGlobalSection
	GlobalSection(ExtensibilityGlobals) = postSolution
		SolutionGuid = {458BA36C-7736-48EE-A55B-B34128233B9D}
	EndGlobalSection
EndGlobal
