
Microsoft Visual Studio Solution File, Format Version 12.00
# Visual Studio Version 16
VisualStudioVersion = 16.0.31613.86
MinimumVisualStudioVersion = 10.0.40219.1
Project("{FAE04EC0-301F-11D3-BF4B-00C04F79EFBC}") = "21 - Ler nome - idade - sexo - saude", "21 - Ler nome - idade - sexo - saude\21 - Ler nome - idade - sexo - saude.csproj", "{5ACBE64E-5DAB-4996-B469-C988AA9395ED}"
EndProject
Global
	GlobalSection(SolutionConfigurationPlatforms) = preSolution
		Debug|Any CPU = Debug|Any CPU
		Release|Any CPU = Release|Any CPU
	EndGlobalSection
	GlobalSection(ProjectConfigurationPlatforms) = postSolution
		{5ACBE64E-5DAB-4996-B469-C988AA9395ED}.Debug|Any CPU.ActiveCfg = Debug|Any CPU
		{5ACBE64E-5DAB-4996-B469-C988AA9395ED}.Debug|Any CPU.Build.0 = Debug|Any CPU
		{5ACBE64E-5DAB-4996-B469-C988AA9395ED}.Release|Any CPU.ActiveCfg = Release|Any CPU
		{5ACBE64E-5DAB-4996-B469-C988AA9395ED}.Release|Any CPU.Build.0 = Release|Any CPU
	EndGlobalSection
	GlobalSection(SolutionProperties) = preSolution
		HideSolutionNode = FALSE
	EndGlobalSection
	GlobalSection(ExtensibilityGlobals) = postSolution
		SolutionGuid = {C008EB91-5E67-4D6C-BC9B-3354CFD37297}
	EndGlobalSection
EndGlobal
