
Microsoft Visual Studio Solution File, Format Version 12.00
# Visual Studio Version 16
VisualStudioVersion = 16.0.31613.86
MinimumVisualStudioVersion = 10.0.40219.1
Project("{FAE04EC0-301F-11D3-BF4B-00C04F79EFBC}") = "5 - Media Aluno", "5 - Media Aluno\5 - Media Aluno.csproj", "{277C1FF0-8FAF-4B21-A096-CB131B8A76B5}"
EndProject
Global
	GlobalSection(SolutionConfigurationPlatforms) = preSolution
		Debug|Any CPU = Debug|Any CPU
		Release|Any CPU = Release|Any CPU
	EndGlobalSection
	GlobalSection(ProjectConfigurationPlatforms) = postSolution
		{277C1FF0-8FAF-4B21-A096-CB131B8A76B5}.Debug|Any CPU.ActiveCfg = Debug|Any CPU
		{277C1FF0-8FAF-4B21-A096-CB131B8A76B5}.Debug|Any CPU.Build.0 = Debug|Any CPU
		{277C1FF0-8FAF-4B21-A096-CB131B8A76B5}.Release|Any CPU.ActiveCfg = Release|Any CPU
		{277C1FF0-8FAF-4B21-A096-CB131B8A76B5}.Release|Any CPU.Build.0 = Release|Any CPU
	EndGlobalSection
	GlobalSection(SolutionProperties) = preSolution
		HideSolutionNode = FALSE
	EndGlobalSection
	GlobalSection(ExtensibilityGlobals) = postSolution
		SolutionGuid = {1BA8845B-303F-4744-B938-316E722541A3}
	EndGlobalSection
EndGlobal
