
Microsoft Visual Studio Solution File, Format Version 12.00
# Visual Studio Version 16
VisualStudioVersion = 16.0.31624.102
MinimumVisualStudioVersion = 10.0.40219.1
Project("{FAE04EC0-301F-11D3-BF4B-00C04F79EFBC}") = "Aula1WForms", "Aula1WForms\Aula1WForms.csproj", "{E78485D8-15B2-4DC4-ADFB-ED2CAF46B5D7}"
EndProject
Global
	GlobalSection(SolutionConfigurationPlatforms) = preSolution
		Debug|Any CPU = Debug|Any CPU
		Release|Any CPU = Release|Any CPU
	EndGlobalSection
	GlobalSection(ProjectConfigurationPlatforms) = postSolution
		{E78485D8-15B2-4DC4-ADFB-ED2CAF46B5D7}.Debug|Any CPU.ActiveCfg = Debug|Any CPU
		{E78485D8-15B2-4DC4-ADFB-ED2CAF46B5D7}.Debug|Any CPU.Build.0 = Debug|Any CPU
		{E78485D8-15B2-4DC4-ADFB-ED2CAF46B5D7}.Release|Any CPU.ActiveCfg = Release|Any CPU
		{E78485D8-15B2-4DC4-ADFB-ED2CAF46B5D7}.Release|Any CPU.Build.0 = Release|Any CPU
	EndGlobalSection
	GlobalSection(SolutionProperties) = preSolution
		HideSolutionNode = FALSE
	EndGlobalSection
	GlobalSection(ExtensibilityGlobals) = postSolution
		SolutionGuid = {C07AB19D-DE94-47DD-B48F-D7BFF9A1C473}
	EndGlobalSection
EndGlobal
