
Microsoft Visual Studio Solution File, Format Version 12.00
# Visual Studio Version 16
VisualStudioVersion = 16.0.31613.86
MinimumVisualStudioVersion = 10.0.40219.1
Project("{FAE04EC0-301F-11D3-BF4B-00C04F79EFBC}") = "Exercico - Idade", "Exercico - Idade\Exercico - Idade.csproj", "{18B93074-46A9-43BA-AFC5-22740F65C846}"
EndProject
Global
	GlobalSection(SolutionConfigurationPlatforms) = preSolution
		Debug|Any CPU = Debug|Any CPU
		Release|Any CPU = Release|Any CPU
	EndGlobalSection
	GlobalSection(ProjectConfigurationPlatforms) = postSolution
		{18B93074-46A9-43BA-AFC5-22740F65C846}.Debug|Any CPU.ActiveCfg = Debug|Any CPU
		{18B93074-46A9-43BA-AFC5-22740F65C846}.Debug|Any CPU.Build.0 = Debug|Any CPU
		{18B93074-46A9-43BA-AFC5-22740F65C846}.Release|Any CPU.ActiveCfg = Release|Any CPU
		{18B93074-46A9-43BA-AFC5-22740F65C846}.Release|Any CPU.Build.0 = Release|Any CPU
	EndGlobalSection
	GlobalSection(SolutionProperties) = preSolution
		HideSolutionNode = FALSE
	EndGlobalSection
	GlobalSection(ExtensibilityGlobals) = postSolution
		SolutionGuid = {534C96FA-93AC-45E3-9976-F6F1F707B469}
	EndGlobalSection
EndGlobal
