
Microsoft Visual Studio Solution File, Format Version 12.00
# Visual Studio Version 16
VisualStudioVersion = 16.0.31613.86
MinimumVisualStudioVersion = 10.0.40219.1
Project("{FAE04EC0-301F-11D3-BF4B-00C04F79EFBC}") = "Aula - Exercício 1 Criar Classe  Pessoa", "Aula - Exercício 1 Criar Classe  Pessoa\Aula - Exercício 1 Criar Classe  Pessoa.csproj", "{F83EF6F3-7D75-4548-8780-6DEAEE5A76D8}"
EndProject
Global
	GlobalSection(SolutionConfigurationPlatforms) = preSolution
		Debug|Any CPU = Debug|Any CPU
		Release|Any CPU = Release|Any CPU
	EndGlobalSection
	GlobalSection(ProjectConfigurationPlatforms) = postSolution
		{F83EF6F3-7D75-4548-8780-6DEAEE5A76D8}.Debug|Any CPU.ActiveCfg = Debug|Any CPU
		{F83EF6F3-7D75-4548-8780-6DEAEE5A76D8}.Debug|Any CPU.Build.0 = Debug|Any CPU
		{F83EF6F3-7D75-4548-8780-6DEAEE5A76D8}.Release|Any CPU.ActiveCfg = Release|Any CPU
		{F83EF6F3-7D75-4548-8780-6DEAEE5A76D8}.Release|Any CPU.Build.0 = Release|Any CPU
	EndGlobalSection
	GlobalSection(SolutionProperties) = preSolution
		HideSolutionNode = FALSE
	EndGlobalSection
	GlobalSection(ExtensibilityGlobals) = postSolution
		SolutionGuid = {D3091D6D-B0AB-455A-974A-3CC710738619}
	EndGlobalSection
EndGlobal
