
Microsoft Visual Studio Solution File, Format Version 12.00
# Visual Studio Version 16
VisualStudioVersion = 16.0.31613.86
MinimumVisualStudioVersion = 10.0.40219.1
Project("{FAE04EC0-301F-11D3-BF4B-00C04F79EFBC}") = "IMC", "IMC\IMC.csproj", "{839DDE44-E35F-462D-B761-A916634596EE}"
EndProject
Global
	GlobalSection(SolutionConfigurationPlatforms) = preSolution
		Debug|Any CPU = Debug|Any CPU
		Release|Any CPU = Release|Any CPU
	EndGlobalSection
	GlobalSection(ProjectConfigurationPlatforms) = postSolution
		{839DDE44-E35F-462D-B761-A916634596EE}.Debug|Any CPU.ActiveCfg = Debug|Any CPU
		{839DDE44-E35F-462D-B761-A916634596EE}.Debug|Any CPU.Build.0 = Debug|Any CPU
		{839DDE44-E35F-462D-B761-A916634596EE}.Release|Any CPU.ActiveCfg = Release|Any CPU
		{839DDE44-E35F-462D-B761-A916634596EE}.Release|Any CPU.Build.0 = Release|Any CPU
	EndGlobalSection
	GlobalSection(SolutionProperties) = preSolution
		HideSolutionNode = FALSE
	EndGlobalSection
	GlobalSection(ExtensibilityGlobals) = postSolution
		SolutionGuid = {C74B436C-583B-467B-B1D1-BB3FDB12A56A}
	EndGlobalSection
EndGlobal
