
Microsoft Visual Studio Solution File, Format Version 12.00
# Visual Studio Version 16
VisualStudioVersion = 16.0.31613.86
MinimumVisualStudioVersion = 10.0.40219.1
Project("{FAE04EC0-301F-11D3-BF4B-00C04F79EFBC}") = "Aula - Calculo de P.A", "Aula - Calculo de P.A\Aula - Calculo de P.A.csproj", "{C39A117D-D45A-4824-8A8E-4CA781C8437B}"
EndProject
Global
	GlobalSection(SolutionConfigurationPlatforms) = preSolution
		Debug|Any CPU = Debug|Any CPU
		Release|Any CPU = Release|Any CPU
	EndGlobalSection
	GlobalSection(ProjectConfigurationPlatforms) = postSolution
		{C39A117D-D45A-4824-8A8E-4CA781C8437B}.Debug|Any CPU.ActiveCfg = Debug|Any CPU
		{C39A117D-D45A-4824-8A8E-4CA781C8437B}.Debug|Any CPU.Build.0 = Debug|Any CPU
		{C39A117D-D45A-4824-8A8E-4CA781C8437B}.Release|Any CPU.ActiveCfg = Release|Any CPU
		{C39A117D-D45A-4824-8A8E-4CA781C8437B}.Release|Any CPU.Build.0 = Release|Any CPU
	EndGlobalSection
	GlobalSection(SolutionProperties) = preSolution
		HideSolutionNode = FALSE
	EndGlobalSection
	GlobalSection(ExtensibilityGlobals) = postSolution
		SolutionGuid = {94F9C0C4-B79E-4AA4-8B94-4CD806D16E77}
	EndGlobalSection
EndGlobal
