
Microsoft Visual Studio Solution File, Format Version 12.00
# Visual Studio Version 16
VisualStudioVersion = 16.0.31624.102
MinimumVisualStudioVersion = 10.0.40219.1
Project("{FAE04EC0-301F-11D3-BF4B-00C04F79EFBC}") = "Aula 27 - CRUD", "Aula 27 - CRUD\Aula 27 - CRUD.csproj", "{3CCD73E8-A4D1-454E-B49D-729DE09605F7}"
EndProject
Global
	GlobalSection(SolutionConfigurationPlatforms) = preSolution
		Debug|Any CPU = Debug|Any CPU
		Release|Any CPU = Release|Any CPU
	EndGlobalSection
	GlobalSection(ProjectConfigurationPlatforms) = postSolution
		{3CCD73E8-A4D1-454E-B49D-729DE09605F7}.Debug|Any CPU.ActiveCfg = Debug|Any CPU
		{3CCD73E8-A4D1-454E-B49D-729DE09605F7}.Debug|Any CPU.Build.0 = Debug|Any CPU
		{3CCD73E8-A4D1-454E-B49D-729DE09605F7}.Release|Any CPU.ActiveCfg = Release|Any CPU
		{3CCD73E8-A4D1-454E-B49D-729DE09605F7}.Release|Any CPU.Build.0 = Release|Any CPU
	EndGlobalSection
	GlobalSection(SolutionProperties) = preSolution
		HideSolutionNode = FALSE
	EndGlobalSection
	GlobalSection(ExtensibilityGlobals) = postSolution
		SolutionGuid = {89D03941-9A27-40F0-A5AC-02BDD893FEFF}
	EndGlobalSection
EndGlobal
