
Microsoft Visual Studio Solution File, Format Version 12.00
# Visual Studio Version 16
VisualStudioVersion = 16.0.31613.86
MinimumVisualStudioVersion = 10.0.40219.1
Project("{FAE04EC0-301F-11D3-BF4B-00C04F79EFBC}") = "25 - 2 numeros se são iguais", "25 - 2 numeros se são iguais\25 - 2 numeros se são iguais.csproj", "{EEFE9FC4-D2F7-4D64-881F-1CEA2381B0BB}"
EndProject
Global
	GlobalSection(SolutionConfigurationPlatforms) = preSolution
		Debug|Any CPU = Debug|Any CPU
		Release|Any CPU = Release|Any CPU
	EndGlobalSection
	GlobalSection(ProjectConfigurationPlatforms) = postSolution
		{EEFE9FC4-D2F7-4D64-881F-1CEA2381B0BB}.Debug|Any CPU.ActiveCfg = Debug|Any CPU
		{EEFE9FC4-D2F7-4D64-881F-1CEA2381B0BB}.Debug|Any CPU.Build.0 = Debug|Any CPU
		{EEFE9FC4-D2F7-4D64-881F-1CEA2381B0BB}.Release|Any CPU.ActiveCfg = Release|Any CPU
		{EEFE9FC4-D2F7-4D64-881F-1CEA2381B0BB}.Release|Any CPU.Build.0 = Release|Any CPU
	EndGlobalSection
	GlobalSection(SolutionProperties) = preSolution
		HideSolutionNode = FALSE
	EndGlobalSection
	GlobalSection(ExtensibilityGlobals) = postSolution
		SolutionGuid = {69740CD7-847A-4263-8E79-643BDF13A82C}
	EndGlobalSection
EndGlobal
