
Microsoft Visual Studio Solution File, Format Version 12.00
# Visual Studio Version 16
VisualStudioVersion = 16.0.31613.86
MinimumVisualStudioVersion = 10.0.40219.1
Project("{FAE04EC0-301F-11D3-BF4B-00C04F79EFBC}") = "14 - ler 2 algoritimos e informar qual o maior", "14 - ler 2 algoritimos e informar qual o maior\14 - ler 2 algoritimos e informar qual o maior.csproj", "{1833D889-3269-48FB-82F1-1D5EF136BD2E}"
EndProject
Global
	GlobalSection(SolutionConfigurationPlatforms) = preSolution
		Debug|Any CPU = Debug|Any CPU
		Release|Any CPU = Release|Any CPU
	EndGlobalSection
	GlobalSection(ProjectConfigurationPlatforms) = postSolution
		{1833D889-3269-48FB-82F1-1D5EF136BD2E}.Debug|Any CPU.ActiveCfg = Debug|Any CPU
		{1833D889-3269-48FB-82F1-1D5EF136BD2E}.Debug|Any CPU.Build.0 = Debug|Any CPU
		{1833D889-3269-48FB-82F1-1D5EF136BD2E}.Release|Any CPU.ActiveCfg = Release|Any CPU
		{1833D889-3269-48FB-82F1-1D5EF136BD2E}.Release|Any CPU.Build.0 = Release|Any CPU
	EndGlobalSection
	GlobalSection(SolutionProperties) = preSolution
		HideSolutionNode = FALSE
	EndGlobalSection
	GlobalSection(ExtensibilityGlobals) = postSolution
		SolutionGuid = {ACFC0615-CBA9-48F7-9783-DA5E76533BE7}
	EndGlobalSection
EndGlobal
