
Microsoft Visual Studio Solution File, Format Version 12.00
# Visual Studio Version 16
VisualStudioVersion = 16.0.31613.86
MinimumVisualStudioVersion = 10.0.40219.1
Project("{FAE04EC0-301F-11D3-BF4B-00C04F79EFBC}") = "32 - 3 valores", "32 - 3 valores\32 - 3 valores.csproj", "{05174DD7-C7B0-4F0C-8D1E-0465FCE74229}"
EndProject
Global
	GlobalSection(SolutionConfigurationPlatforms) = preSolution
		Debug|Any CPU = Debug|Any CPU
		Release|Any CPU = Release|Any CPU
	EndGlobalSection
	GlobalSection(ProjectConfigurationPlatforms) = postSolution
		{05174DD7-C7B0-4F0C-8D1E-0465FCE74229}.Debug|Any CPU.ActiveCfg = Debug|Any CPU
		{05174DD7-C7B0-4F0C-8D1E-0465FCE74229}.Debug|Any CPU.Build.0 = Debug|Any CPU
		{05174DD7-C7B0-4F0C-8D1E-0465FCE74229}.Release|Any CPU.ActiveCfg = Release|Any CPU
		{05174DD7-C7B0-4F0C-8D1E-0465FCE74229}.Release|Any CPU.Build.0 = Release|Any CPU
	EndGlobalSection
	GlobalSection(SolutionProperties) = preSolution
		HideSolutionNode = FALSE
	EndGlobalSection
	GlobalSection(ExtensibilityGlobals) = postSolution
		SolutionGuid = {EAC5BF3A-721F-4BE7-A3F1-A058855254A5}
	EndGlobalSection
EndGlobal
